Microsoft Visual Studio Solution File, Format Version 12.00
# Visual Studio 15
VisualStudioVersion = 15.0.27130.2010
MinimumVisualStudioVersion = 10.0.40219.1
Project("{FAE04EC0-301F-11D3-BF4B-00C04F79EFBC}") = "UrhoSharpEditor.Droid", "Android\UrhoSharpEditor.Droid.csproj", "{9A255CAB-6437-4742-B354-317228258F49}"
EndProject
Project("{9A19103F-16F7-4668-BE54-9A1E7A4F7556}") = "UrhoSharpEditor", "..\UrhoSharpEditor.csproj", "{31BF80BA-C092-4965-8F90-C76EA516C32D}"
EndProject
Project("{FAE04EC0-301F-11D3-BF4B-00C04F79EFBC}") = "UrhoSharpEditor.Mac", "Mac\UrhoSharpEditor.Mac.csproj", "{C4B8822F-40FD-479B-AC56-8CCE3AAAC8D8}"
EndProject
Project("{FAE04EC0-301F-11D3-BF4B-00C04F79EFBC}") = "UrhoSharpEditor.iOS", "iOS\UrhoSharpEditor.iOS.csproj", "{68183F95-525C-4EAE-8AA0-F0881056BB52}"
EndProject
Project("{FAE04EC0-301F-11D3-BF4B-00C04F79EFBC}") = "UrhoSharpEditor.WinForms", "WinForms\UrhoSharpEditor.WinForms.csproj", "{952C38F5-0471-4B69-8AAA-1D4E7CF09D70}"
EndProject
Project("{FAE04EC0-301F-11D3-BF4B-00C04F79EFBC}") = "UrhoSharpEditor.UWP", "UWP\UrhoSharpEditor.UWP.csproj", "{BC6FF2CB-597C-4B7A-93A1-CA894F8D05DF}"
EndProject
Project("{930C7802-8A8C-48F9-8165-68863BCCD9DD}") = "UrhoSharpEditor.WinInstaller", "WIX\UrhoSharpEditor.WinInstaller.wixproj", "{8B8E384B-E23A-4FFE-87C8-75FBE1D7706B}"
EndProject
Global
	GlobalSection(SolutionConfigurationPlatforms) = preSolution
		Ad-Hoc|Any CPU = Ad-Hoc|Any CPU
		Ad-Hoc|ARM = Ad-Hoc|ARM
		Ad-Hoc|iPhone = Ad-Hoc|iPhone
		Ad-Hoc|iPhoneSimulator = Ad-Hoc|iPhoneSimulator
		Ad-Hoc|x64 = Ad-Hoc|x64
		Ad-Hoc|x86 = Ad-Hoc|x86
		AppStore|Any CPU = AppStore|Any CPU
		AppStore|ARM = AppStore|ARM
		AppStore|iPhone = AppStore|iPhone
		AppStore|iPhoneSimulator = AppStore|iPhoneSimulator
		AppStore|x64 = AppStore|x64
		AppStore|x86 = AppStore|x86
		Debug|Any CPU = Debug|Any CPU
		Debug|ARM = Debug|ARM
		Debug|iPhone = Debug|iPhone
		Debug|iPhoneSimulator = Debug|iPhoneSimulator
		Debug|x64 = Debug|x64
		Debug|x86 = Debug|x86
		Release|Any CPU = Release|Any CPU
		Release|ARM = Release|ARM
		Release|iPhone = Release|iPhone
		Release|iPhoneSimulator = Release|iPhoneSimulator
		Release|x64 = Release|x64
		Release|x86 = Release|x86
	EndGlobalSection
	GlobalSection(ProjectConfigurationPlatforms) = postSolution
		{9A255CAB-6437-4742-B354-317228258F49}.Ad-Hoc|Any CPU.ActiveCfg = Release|Any CPU
		{9A255CAB-6437-4742-B354-317228258F49}.Ad-Hoc|Any CPU.Build.0 = Release|Any CPU
		{9A255CAB-6437-4742-B354-317228258F49}.Ad-Hoc|Any CPU.Deploy.0 = Release|Any CPU
		{9A255CAB-6437-4742-B354-317228258F49}.Ad-Hoc|ARM.ActiveCfg = Release Mac|Any CPU
		{9A255CAB-6437-4742-B354-317228258F49}.Ad-Hoc|ARM.Build.0 = Release Mac|Any CPU
		{9A255CAB-6437-4742-B354-317228258F49}.Ad-Hoc|ARM.Deploy.0 = Release Mac|Any CPU
		{9A255CAB-6437-4742-B354-317228258F49}.Ad-Hoc|iPhone.ActiveCfg = Release|Any CPU
		{9A255CAB-6437-4742-B354-317228258F49}.Ad-Hoc|iPhone.Build.0 = Release|Any CPU
		{9A255CAB-6437-4742-B354-317228258F49}.Ad-Hoc|iPhone.Deploy.0 = Release|Any CPU
		{9A255CAB-6437-4742-B354-317228258F49}.Ad-Hoc|iPhoneSimulator.ActiveCfg = Release|Any CPU
		{9A255CAB-6437-4742-B354-317228258F49}.Ad-Hoc|iPhoneSimulator.Build.0 = Release|Any CPU
		{9A255CAB-6437-4742-B354-317228258F49}.Ad-Hoc|iPhoneSimulator.Deploy.0 = Release|Any CPU
		{9A255CAB-6437-4742-B354-317228258F49}.Ad-Hoc|x64.ActiveCfg = Release Mac|Any CPU
		{9A255CAB-6437-4742-B354-317228258F49}.Ad-Hoc|x64.Build.0 = Release Mac|Any CPU
		{9A255CAB-6437-4742-B354-317228258F49}.Ad-Hoc|x64.Deploy.0 = Release Mac|Any CPU
		{9A255CAB-6437-4742-B354-317228258F49}.Ad-Hoc|x86.ActiveCfg = Release Mac|Any CPU
		{9A255CAB-6437-4742-B354-317228258F49}.Ad-Hoc|x86.Build.0 = Release Mac|Any CPU
		{9A255CAB-6437-4742-B354-317228258F49}.Ad-Hoc|x86.Deploy.0 = Release Mac|Any CPU
		{9A255CAB-6437-4742-B354-317228258F49}.AppStore|Any CPU.ActiveCfg = Release|Any CPU
		{9A255CAB-6437-4742-B354-317228258F49}.AppStore|Any CPU.Build.0 = Release|Any CPU
		{9A255CAB-6437-4742-B354-317228258F49}.AppStore|Any CPU.Deploy.0 = Release|Any CPU
		{9A255CAB-6437-4742-B354-317228258F49}.AppStore|ARM.ActiveCfg = Release Mac|Any CPU
		{9A255CAB-6437-4742-B354-317228258F49}.AppStore|ARM.Build.0 = Release Mac|Any CPU
		{9A255CAB-6437-4742-B354-317228258F49}.AppStore|ARM.Deploy.0 = Release Mac|Any CPU
		{9A255CAB-6437-4742-B354-317228258F49}.AppStore|iPhone.ActiveCfg = Release|Any CPU
		{9A255CAB-6437-4742-B354-317228258F49}.AppStore|iPhone.Build.0 = Release|Any CPU
		{9A255CAB-6437-4742-B354-317228258F49}.AppStore|iPhone.Deploy.0 = Release|Any CPU
		{9A255CAB-6437-4742-B354-317228258F49}.AppStore|iPhoneSimulator.ActiveCfg = Release|Any CPU
		{9A255CAB-6437-4742-B354-317228258F49}.AppStore|iPhoneSimulator.Build.0 = Release|Any CPU
		{9A255CAB-6437-4742-B354-317228258F49}.AppStore|iPhoneSimulator.Deploy.0 = Release|Any CPU
		{9A255CAB-6437-4742-B354-317228258F49}.AppStore|x64.ActiveCfg = Release Mac|Any CPU
		{9A255CAB-6437-4742-B354-317228258F49}.AppStore|x64.Build.0 = Release Mac|Any CPU
		{9A255CAB-6437-4742-B354-317228258F49}.AppStore|x64.Deploy.0 = Release Mac|Any CPU
		{9A255CAB-6437-4742-B354-317228258F49}.AppStore|x86.ActiveCfg = Release Mac|Any CPU
		{9A255CAB-6437-4742-B354-317228258F49}.AppStore|x86.Build.0 = Release Mac|Any CPU
		{9A255CAB-6437-4742-B354-317228258F49}.AppStore|x86.Deploy.0 = Release Mac|Any CPU
		{9A255CAB-6437-4742-B354-317228258F49}.Debug|Any CPU.ActiveCfg = Debug|Any CPU
		{9A255CAB-6437-4742-B354-317228258F49}.Debug|Any CPU.Build.0 = Debug|Any CPU
		{9A255CAB-6437-4742-B354-317228258F49}.Debug|Any CPU.Deploy.0 = Debug|Any CPU
		{9A255CAB-6437-4742-B354-317228258F49}.Debug|ARM.ActiveCfg = Debug|Any CPU
		{9A255CAB-6437-4742-B354-317228258F49}.Debug|ARM.Build.0 = Debug|Any CPU
		{9A255CAB-6437-4742-B354-317228258F49}.Debug|ARM.Deploy.0 = Debug|Any CPU
		{9A255CAB-6437-4742-B354-317228258F49}.Debug|iPhone.ActiveCfg = Debug|Any CPU
		{9A255CAB-6437-4742-B354-317228258F49}.Debug|iPhone.Build.0 = Debug|Any CPU
		{9A255CAB-6437-4742-B354-317228258F49}.Debug|iPhone.Deploy.0 = Debug|Any CPU
		{9A255CAB-6437-4742-B354-317228258F49}.Debug|iPhoneSimulator.ActiveCfg = Debug|Any CPU
		{9A255CAB-6437-4742-B354-317228258F49}.Debug|iPhoneSimulator.Build.0 = Debug|Any CPU
		{9A255CAB-6437-4742-B354-317228258F49}.Debug|iPhoneSimulator.Deploy.0 = Debug|Any CPU
		{9A255CAB-6437-4742-B354-317228258F49}.Debug|x64.ActiveCfg = Debug|Any CPU
		{9A255CAB-6437-4742-B354-317228258F49}.Debug|x64.Build.0 = Debug|Any CPU
		{9A255CAB-6437-4742-B354-317228258F49}.Debug|x64.Deploy.0 = Debug|Any CPU
		{9A255CAB-6437-4742-B354-317228258F49}.Debug|x86.ActiveCfg = Debug|Any CPU
		{9A255CAB-6437-4742-B354-317228258F49}.Debug|x86.Build.0 = Debug|Any CPU
		{9A255CAB-6437-4742-B354-317228258F49}.Debug|x86.Deploy.0 = Debug|Any CPU
		{9A255CAB-6437-4742-B354-317228258F49}.Release|Any CPU.ActiveCfg = Release|Any CPU
		{9A255CAB-6437-4742-B354-317228258F49}.Release|Any CPU.Build.0 = Release|Any CPU
		{9A255CAB-6437-4742-B354-317228258F49}.Release|Any CPU.Deploy.0 = Release|Any CPU
		{9A255CAB-6437-4742-B354-317228258F49}.Release|ARM.ActiveCfg = Release|Any CPU
		{9A255CAB-6437-4742-B354-317228258F49}.Release|ARM.Build.0 = Release|Any CPU
		{9A255CAB-6437-4742-B354-317228258F49}.Release|ARM.Deploy.0 = Release|Any CPU
		{9A255CAB-6437-4742-B354-317228258F49}.Release|iPhone.ActiveCfg = Release|Any CPU
		{9A255CAB-6437-4742-B354-317228258F49}.Release|iPhone.Build.0 = Release|Any CPU
		{9A255CAB-6437-4742-B354-317228258F49}.Release|iPhone.Deploy.0 = Release|Any CPU
		{9A255CAB-6437-4742-B354-317228258F49}.Release|iPhoneSimulator.ActiveCfg = Release|Any CPU
		{9A255CAB-6437-4742-B354-317228258F49}.Release|iPhoneSimulator.Build.0 = Release|Any CPU
		{9A255CAB-6437-4742-B354-317228258F49}.Release|iPhoneSimulator.Deploy.0 = Release|Any CPU
		{9A255CAB-6437-4742-B354-317228258F49}.Release|x64.ActiveCfg = Release|Any CPU
		{9A255CAB-6437-4742-B354-317228258F49}.Release|x64.Build.0 = Release|Any CPU
		{9A255CAB-6437-4742-B354-317228258F49}.Release|x64.Deploy.0 = Release|Any CPU
		{9A255CAB-6437-4742-B354-317228258F49}.Release|x86.ActiveCfg = Release|Any CPU
		{9A255CAB-6437-4742-B354-317228258F49}.Release|x86.Build.0 = Release|Any CPU
		{9A255CAB-6437-4742-B354-317228258F49}.Release|x86.Deploy.0 = Release|Any CPU
		{31BF80BA-C092-4965-8F90-C76EA516C32D}.Ad-Hoc|Any CPU.ActiveCfg = Release|Any CPU
		{31BF80BA-C092-4965-8F90-C76EA516C32D}.Ad-Hoc|Any CPU.Build.0 = Release|Any CPU
		{31BF80BA-C092-4965-8F90-C76EA516C32D}.Ad-Hoc|ARM.ActiveCfg = Debug|Any CPU
		{31BF80BA-C092-4965-8F90-C76EA516C32D}.Ad-Hoc|ARM.Build.0 = Debug|Any CPU
		{31BF80BA-C092-4965-8F90-C76EA516C32D}.Ad-Hoc|iPhone.ActiveCfg = Release|Any CPU
		{31BF80BA-C092-4965-8F90-C76EA516C32D}.Ad-Hoc|iPhone.Build.0 = Release|Any CPU
		{31BF80BA-C092-4965-8F90-C76EA516C32D}.Ad-Hoc|iPhoneSimulator.ActiveCfg = Release|Any CPU
		{31BF80BA-C092-4965-8F90-C76EA516C32D}.Ad-Hoc|iPhoneSimulator.Build.0 = Release|Any CPU
		{31BF80BA-C092-4965-8F90-C76EA516C32D}.Ad-Hoc|x64.ActiveCfg = Debug|Any CPU
		{31BF80BA-C092-4965-8F90-C76EA516C32D}.Ad-Hoc|x64.Build.0 = Debug|Any CPU
		{31BF80BA-C092-4965-8F90-C76EA516C32D}.Ad-Hoc|x86.ActiveCfg = Debug|Any CPU
		{31BF80BA-C092-4965-8F90-C76EA516C32D}.Ad-Hoc|x86.Build.0 = Debug|Any CPU
		{31BF80BA-C092-4965-8F90-C76EA516C32D}.AppStore|Any CPU.ActiveCfg = Release|Any CPU
		{31BF80BA-C092-4965-8F90-C76EA516C32D}.AppStore|Any CPU.Build.0 = Release|Any CPU
		{31BF80BA-C092-4965-8F90-C76EA516C32D}.AppStore|ARM.ActiveCfg = Debug|Any CPU
		{31BF80BA-C092-4965-8F90-C76EA516C32D}.AppStore|ARM.Build.0 = Debug|Any CPU
		{31BF80BA-C092-4965-8F90-C76EA516C32D}.AppStore|iPhone.ActiveCfg = Release|Any CPU
		{31BF80BA-C092-4965-8F90-C76EA516C32D}.AppStore|iPhone.Build.0 = Release|Any CPU
		{31BF80BA-C092-4965-8F90-C76EA516C32D}.AppStore|iPhoneSimulator.ActiveCfg = Release|Any CPU
		{31BF80BA-C092-4965-8F90-C76EA516C32D}.AppStore|iPhoneSimulator.Build.0 = Release|Any CPU
		{31BF80BA-C092-4965-8F90-C76EA516C32D}.AppStore|x64.ActiveCfg = Debug|Any CPU
		{31BF80BA-C092-4965-8F90-C76EA516C32D}.AppStore|x64.Build.0 = Debug|Any CPU
		{31BF80BA-C092-4965-8F90-C76EA516C32D}.AppStore|x86.ActiveCfg = Debug|Any CPU
		{31BF80BA-C092-4965-8F90-C76EA516C32D}.AppStore|x86.Build.0 = Debug|Any CPU
		{31BF80BA-C092-4965-8F90-C76EA516C32D}.Debug|Any CPU.ActiveCfg = Debug|Any CPU
		{31BF80BA-C092-4965-8F90-C76EA516C32D}.Debug|Any CPU.Build.0 = Debug|Any CPU
		{31BF80BA-C092-4965-8F90-C76EA516C32D}.Debug|ARM.ActiveCfg = Debug|Any CPU
		{31BF80BA-C092-4965-8F90-C76EA516C32D}.Debug|ARM.Build.0 = Debug|Any CPU
		{31BF80BA-C092-4965-8F90-C76EA516C32D}.Debug|iPhone.ActiveCfg = Debug|Any CPU
		{31BF80BA-C092-4965-8F90-C76EA516C32D}.Debug|iPhone.Build.0 = Debug|Any CPU
		{31BF80BA-C092-4965-8F90-C76EA516C32D}.Debug|iPhoneSimulator.ActiveCfg = Debug|Any CPU
		{31BF80BA-C092-4965-8F90-C76EA516C32D}.Debug|iPhoneSimulator.Build.0 = Debug|Any CPU
		{31BF80BA-C092-4965-8F90-C76EA516C32D}.Debug|x64.ActiveCfg = Debug|Any CPU
		{31BF80BA-C092-4965-8F90-C76EA516C32D}.Debug|x64.Build.0 = Debug|Any CPU
		{31BF80BA-C092-4965-8F90-C76EA516C32D}.Debug|x86.ActiveCfg = Debug|Any CPU
		{31BF80BA-C092-4965-8F90-C76EA516C32D}.Debug|x86.Build.0 = Debug|Any CPU
		{31BF80BA-C092-4965-8F90-C76EA516C32D}.Release|Any CPU.ActiveCfg = Release|Any CPU
		{31BF80BA-C092-4965-8F90-C76EA516C32D}.Release|Any CPU.Build.0 = Release|Any CPU
		{31BF80BA-C092-4965-8F90-C76EA516C32D}.Release|ARM.ActiveCfg = Release|Any CPU
		{31BF80BA-C092-4965-8F90-C76EA516C32D}.Release|ARM.Build.0 = Release|Any CPU
		{31BF80BA-C092-4965-8F90-C76EA516C32D}.Release|iPhone.ActiveCfg = Release|Any CPU
		{31BF80BA-C092-4965-8F90-C76EA516C32D}.Release|iPhone.Build.0 = Release|Any CPU
		{31BF80BA-C092-4965-8F90-C76EA516C32D}.Release|iPhoneSimulator.ActiveCfg = Release|Any CPU
		{31BF80BA-C092-4965-8F90-C76EA516C32D}.Release|iPhoneSimulator.Build.0 = Release|Any CPU
		{31BF80BA-C092-4965-8F90-C76EA516C32D}.Release|x64.ActiveCfg = Release|Any CPU
		{31BF80BA-C092-4965-8F90-C76EA516C32D}.Release|x64.Build.0 = Release|Any CPU
		{31BF80BA-C092-4965-8F90-C76EA516C32D}.Release|x86.ActiveCfg = Release|Any CPU
		{31BF80BA-C092-4965-8F90-C76EA516C32D}.Release|x86.Build.0 = Release|Any CPU
		{C4B8822F-40FD-479B-AC56-8CCE3AAAC8D8}.Ad-Hoc|Any CPU.ActiveCfg = Release|Any CPU
		{C4B8822F-40FD-479B-AC56-8CCE3AAAC8D8}.Ad-Hoc|Any CPU.Build.0 = Release|Any CPU
		{C4B8822F-40FD-479B-AC56-8CCE3AAAC8D8}.Ad-Hoc|ARM.ActiveCfg = Release Mac|Any CPU
		{C4B8822F-40FD-479B-AC56-8CCE3AAAC8D8}.Ad-Hoc|ARM.Build.0 = Release Mac|Any CPU
		{C4B8822F-40FD-479B-AC56-8CCE3AAAC8D8}.Ad-Hoc|iPhone.ActiveCfg = Release|Any CPU
		{C4B8822F-40FD-479B-AC56-8CCE3AAAC8D8}.Ad-Hoc|iPhone.Build.0 = Release|Any CPU
		{C4B8822F-40FD-479B-AC56-8CCE3AAAC8D8}.Ad-Hoc|iPhoneSimulator.ActiveCfg = Release|Any CPU
		{C4B8822F-40FD-479B-AC56-8CCE3AAAC8D8}.Ad-Hoc|iPhoneSimulator.Build.0 = Release|Any CPU
		{C4B8822F-40FD-479B-AC56-8CCE3AAAC8D8}.Ad-Hoc|x64.ActiveCfg = Release Mac|Any CPU
		{C4B8822F-40FD-479B-AC56-8CCE3AAAC8D8}.Ad-Hoc|x64.Build.0 = Release Mac|Any CPU
		{C4B8822F-40FD-479B-AC56-8CCE3AAAC8D8}.Ad-Hoc|x86.ActiveCfg = Release Mac|Any CPU
		{C4B8822F-40FD-479B-AC56-8CCE3AAAC8D8}.Ad-Hoc|x86.Build.0 = Release Mac|Any CPU
		{C4B8822F-40FD-479B-AC56-8CCE3AAAC8D8}.AppStore|Any CPU.ActiveCfg = Release|Any CPU
		{C4B8822F-40FD-479B-AC56-8CCE3AAAC8D8}.AppStore|Any CPU.Build.0 = Release|Any CPU
		{C4B8822F-40FD-479B-AC56-8CCE3AAAC8D8}.AppStore|ARM.ActiveCfg = Release Mac|Any CPU
		{C4B8822F-40FD-479B-AC56-8CCE3AAAC8D8}.AppStore|ARM.Build.0 = Release Mac|Any CPU
		{C4B8822F-40FD-479B-AC56-8CCE3AAAC8D8}.AppStore|iPhone.ActiveCfg = Release|Any CPU
		{C4B8822F-40FD-479B-AC56-8CCE3AAAC8D8}.AppStore|iPhone.Build.0 = Release|Any CPU
		{C4B8822F-40FD-479B-AC56-8CCE3AAAC8D8}.AppStore|iPhoneSimulator.ActiveCfg = Release|Any CPU
		{C4B8822F-40FD-479B-AC56-8CCE3AAAC8D8}.AppStore|iPhoneSimulator.Build.0 = Release|Any CPU
		{C4B8822F-40FD-479B-AC56-8CCE3AAAC8D8}.AppStore|x64.ActiveCfg = Release Mac|Any CPU
		{C4B8822F-40FD-479B-AC56-8CCE3AAAC8D8}.AppStore|x64.Build.0 = Release Mac|Any CPU
		{C4B8822F-40FD-479B-AC56-8CCE3AAAC8D8}.AppStore|x86.ActiveCfg = Release Mac|Any CPU
		{C4B8822F-40FD-479B-AC56-8CCE3AAAC8D8}.AppStore|x86.Build.0 = Release Mac|Any CPU
		{C4B8822F-40FD-479B-AC56-8CCE3AAAC8D8}.Debug|Any CPU.ActiveCfg = Debug|Any CPU
		{C4B8822F-40FD-479B-AC56-8CCE3AAAC8D8}.Debug|Any CPU.Build.0 = Debug|Any CPU
		{C4B8822F-40FD-479B-AC56-8CCE3AAAC8D8}.Debug|ARM.ActiveCfg = Debug|Any CPU
		{C4B8822F-40FD-479B-AC56-8CCE3AAAC8D8}.Debug|ARM.Build.0 = Debug|Any CPU
		{C4B8822F-40FD-479B-AC56-8CCE3AAAC8D8}.Debug|iPhone.ActiveCfg = Debug|Any CPU
		{C4B8822F-40FD-479B-AC56-8CCE3AAAC8D8}.Debug|iPhone.Build.0 = Debug|Any CPU
		{C4B8822F-40FD-479B-AC56-8CCE3AAAC8D8}.Debug|iPhoneSimulator.ActiveCfg = Debug|Any CPU
		{C4B8822F-40FD-479B-AC56-8CCE3AAAC8D8}.Debug|iPhoneSimulator.Build.0 = Debug|Any CPU
		{C4B8822F-40FD-479B-AC56-8CCE3AAAC8D8}.Debug|x64.ActiveCfg = Debug|Any CPU
		{C4B8822F-40FD-479B-AC56-8CCE3AAAC8D8}.Debug|x64.Build.0 = Debug|Any CPU
		{C4B8822F-40FD-479B-AC56-8CCE3AAAC8D8}.Debug|x86.ActiveCfg = Debug|Any CPU
		{C4B8822F-40FD-479B-AC56-8CCE3AAAC8D8}.Debug|x86.Build.0 = Debug|Any CPU
		{C4B8822F-40FD-479B-AC56-8CCE3AAAC8D8}.Release|Any CPU.ActiveCfg = Release|Any CPU
		{C4B8822F-40FD-479B-AC56-8CCE3AAAC8D8}.Release|Any CPU.Build.0 = Release|Any CPU
		{C4B8822F-40FD-479B-AC56-8CCE3AAAC8D8}.Release|ARM.ActiveCfg = Release|Any CPU
		{C4B8822F-40FD-479B-AC56-8CCE3AAAC8D8}.Release|ARM.Build.0 = Release|Any CPU
		{C4B8822F-40FD-479B-AC56-8CCE3AAAC8D8}.Release|iPhone.ActiveCfg = Release|Any CPU
		{C4B8822F-40FD-479B-AC56-8CCE3AAAC8D8}.Release|iPhone.Build.0 = Release|Any CPU
		{C4B8822F-40FD-479B-AC56-8CCE3AAAC8D8}.Release|iPhoneSimulator.ActiveCfg = Release|Any CPU
		{C4B8822F-40FD-479B-AC56-8CCE3AAAC8D8}.Release|iPhoneSimulator.Build.0 = Release|Any CPU
		{C4B8822F-40FD-479B-AC56-8CCE3AAAC8D8}.Release|x64.ActiveCfg = Release|Any CPU
		{C4B8822F-40FD-479B-AC56-8CCE3AAAC8D8}.Release|x64.Build.0 = Release|Any CPU
		{C4B8822F-40FD-479B-AC56-8CCE3AAAC8D8}.Release|x86.ActiveCfg = Release|Any CPU
		{C4B8822F-40FD-479B-AC56-8CCE3AAAC8D8}.Release|x86.Build.0 = Release|Any CPU
		{68183F95-525C-4EAE-8AA0-F0881056BB52}.Ad-Hoc|Any CPU.ActiveCfg = Ad-Hoc|iPhone
		{68183F95-525C-4EAE-8AA0-F0881056BB52}.Ad-Hoc|ARM.ActiveCfg = Ad-Hoc|iPhoneSimulator
		{68183F95-525C-4EAE-8AA0-F0881056BB52}.Ad-Hoc|iPhone.ActiveCfg = Ad-Hoc|iPhone
		{68183F95-525C-4EAE-8AA0-F0881056BB52}.Ad-Hoc|iPhone.Build.0 = Ad-Hoc|iPhone
		{68183F95-525C-4EAE-8AA0-F0881056BB52}.Ad-Hoc|iPhoneSimulator.ActiveCfg = Ad-Hoc|iPhoneSimulator
		{68183F95-525C-4EAE-8AA0-F0881056BB52}.Ad-Hoc|iPhoneSimulator.Build.0 = Ad-Hoc|iPhoneSimulator
		{68183F95-525C-4EAE-8AA0-F0881056BB52}.Ad-Hoc|x64.ActiveCfg = Ad-Hoc|iPhoneSimulator
		{68183F95-525C-4EAE-8AA0-F0881056BB52}.Ad-Hoc|x86.ActiveCfg = Ad-Hoc|iPhoneSimulator
		{68183F95-525C-4EAE-8AA0-F0881056BB52}.AppStore|Any CPU.ActiveCfg = AppStore|iPhone
		{68183F95-525C-4EAE-8AA0-F0881056BB52}.AppStore|ARM.ActiveCfg = AppStore|iPhoneSimulator
		{68183F95-525C-4EAE-8AA0-F0881056BB52}.AppStore|iPhone.ActiveCfg = AppStore|iPhone
		{68183F95-525C-4EAE-8AA0-F0881056BB52}.AppStore|iPhone.Build.0 = AppStore|iPhone
		{68183F95-525C-4EAE-8AA0-F0881056BB52}.AppStore|iPhoneSimulator.ActiveCfg = AppStore|iPhoneSimulator
		{68183F95-525C-4EAE-8AA0-F0881056BB52}.AppStore|iPhoneSimulator.Build.0 = AppStore|iPhoneSimulator
		{68183F95-525C-4EAE-8AA0-F0881056BB52}.AppStore|x64.ActiveCfg = AppStore|iPhoneSimulator
		{68183F95-525C-4EAE-8AA0-F0881056BB52}.AppStore|x86.ActiveCfg = AppStore|iPhoneSimulator
		{68183F95-525C-4EAE-8AA0-F0881056BB52}.Debug|Any CPU.ActiveCfg = Debug|iPhone
		{68183F95-525C-4EAE-8AA0-F0881056BB52}.Debug|ARM.ActiveCfg = Debug|iPhoneSimulator
		{68183F95-525C-4EAE-8AA0-F0881056BB52}.Debug|iPhone.ActiveCfg = Debug|iPhone
		{68183F95-525C-4EAE-8AA0-F0881056BB52}.Debug|iPhone.Build.0 = Debug|iPhone
		{68183F95-525C-4EAE-8AA0-F0881056BB52}.Debug|iPhoneSimulator.ActiveCfg = Debug|iPhoneSimulator
		{68183F95-525C-4EAE-8AA0-F0881056BB52}.Debug|iPhoneSimulator.Build.0 = Debug|iPhoneSimulator
		{68183F95-525C-4EAE-8AA0-F0881056BB52}.Debug|x64.ActiveCfg = Debug|iPhoneSimulator
		{68183F95-525C-4EAE-8AA0-F0881056BB52}.Debug|x86.ActiveCfg = Debug|iPhoneSimulator
		{68183F95-525C-4EAE-8AA0-F0881056BB52}.Release|Any CPU.ActiveCfg = Release|iPhone
		{68183F95-525C-4EAE-8AA0-F0881056BB52}.Release|Any CPU.Build.0 = Release|iPhone
		{68183F95-525C-4EAE-8AA0-F0881056BB52}.Release|ARM.ActiveCfg = Release|iPhoneSimulator
		{68183F95-525C-4EAE-8AA0-F0881056BB52}.Release|iPhone.ActiveCfg = Release|iPhone
		{68183F95-525C-4EAE-8AA0-F0881056BB52}.Release|iPhone.Build.0 = Release|iPhone
		{68183F95-525C-4EAE-8AA0-F0881056BB52}.Release|iPhoneSimulator.ActiveCfg = Release|iPhoneSimulator
		{68183F95-525C-4EAE-8AA0-F0881056BB52}.Release|iPhoneSimulator.Build.0 = Release|iPhoneSimulator
		{68183F95-525C-4EAE-8AA0-F0881056BB52}.Release|x64.ActiveCfg = Release|iPhoneSimulator
		{68183F95-525C-4EAE-8AA0-F0881056BB52}.Release|x86.ActiveCfg = Release|iPhoneSimulator
		{952C38F5-0471-4B69-8AAA-1D4E7CF09D70}.Ad-Hoc|Any CPU.ActiveCfg = Release|Any CPU
		{952C38F5-0471-4B69-8AAA-1D4E7CF09D70}.Ad-Hoc|Any CPU.Build.0 = Release|Any CPU
		{952C38F5-0471-4B69-8AAA-1D4E7CF09D70}.Ad-Hoc|ARM.ActiveCfg = Debug|Any CPU
		{952C38F5-0471-4B69-8AAA-1D4E7CF09D70}.Ad-Hoc|ARM.Build.0 = Debug|Any CPU
		{952C38F5-0471-4B69-8AAA-1D4E7CF09D70}.Ad-Hoc|iPhone.ActiveCfg = Release|Any CPU
		{952C38F5-0471-4B69-8AAA-1D4E7CF09D70}.Ad-Hoc|iPhone.Build.0 = Release|Any CPU
		{952C38F5-0471-4B69-8AAA-1D4E7CF09D70}.Ad-Hoc|iPhoneSimulator.ActiveCfg = Release|Any CPU
		{952C38F5-0471-4B69-8AAA-1D4E7CF09D70}.Ad-Hoc|iPhoneSimulator.Build.0 = Release|Any CPU
		{952C38F5-0471-4B69-8AAA-1D4E7CF09D70}.Ad-Hoc|x64.ActiveCfg = Debug|Any CPU
		{952C38F5-0471-4B69-8AAA-1D4E7CF09D70}.Ad-Hoc|x64.Build.0 = Debug|Any CPU
		{952C38F5-0471-4B69-8AAA-1D4E7CF09D70}.Ad-Hoc|x86.ActiveCfg = Debug|Any CPU
		{952C38F5-0471-4B69-8AAA-1D4E7CF09D70}.Ad-Hoc|x86.Build.0 = Debug|Any CPU
		{952C38F5-0471-4B69-8AAA-1D4E7CF09D70}.AppStore|Any CPU.ActiveCfg = Release|Any CPU
		{952C38F5-0471-4B69-8AAA-1D4E7CF09D70}.AppStore|Any CPU.Build.0 = Release|Any CPU
		{952C38F5-0471-4B69-8AAA-1D4E7CF09D70}.AppStore|ARM.ActiveCfg = Debug|Any CPU
		{952C38F5-0471-4B69-8AAA-1D4E7CF09D70}.AppStore|ARM.Build.0 = Debug|Any CPU
		{952C38F5-0471-4B69-8AAA-1D4E7CF09D70}.AppStore|iPhone.ActiveCfg = Release|Any CPU
		{952C38F5-0471-4B69-8AAA-1D4E7CF09D70}.AppStore|iPhone.Build.0 = Release|Any CPU
		{952C38F5-0471-4B69-8AAA-1D4E7CF09D70}.AppStore|iPhoneSimulator.ActiveCfg = Release|Any CPU
		{952C38F5-0471-4B69-8AAA-1D4E7CF09D70}.AppStore|iPhoneSimulator.Build.0 = Release|Any CPU
		{952C38F5-0471-4B69-8AAA-1D4E7CF09D70}.AppStore|x64.ActiveCfg = Debug|Any CPU
		{952C38F5-0471-4B69-8AAA-1D4E7CF09D70}.AppStore|x64.Build.0 = Debug|Any CPU
		{952C38F5-0471-4B69-8AAA-1D4E7CF09D70}.AppStore|x86.ActiveCfg = Debug|Any CPU
		{952C38F5-0471-4B69-8AAA-1D4E7CF09D70}.AppStore|x86.Build.0 = Debug|Any CPU
		{952C38F5-0471-4B69-8AAA-1D4E7CF09D70}.Debug|Any CPU.ActiveCfg = Debug|Any CPU
		{952C38F5-0471-4B69-8AAA-1D4E7CF09D70}.Debug|Any CPU.Build.0 = Debug|Any CPU
		{952C38F5-0471-4B69-8AAA-1D4E7CF09D70}.Debug|ARM.ActiveCfg = Debug|Any CPU
		{952C38F5-0471-4B69-8AAA-1D4E7CF09D70}.Debug|ARM.Build.0 = Debug|Any CPU
		{952C38F5-0471-4B69-8AAA-1D4E7CF09D70}.Debug|iPhone.ActiveCfg = Debug|Any CPU
		{952C38F5-0471-4B69-8AAA-1D4E7CF09D70}.Debug|iPhone.Build.0 = Debug|Any CPU
		{952C38F5-0471-4B69-8AAA-1D4E7CF09D70}.Debug|iPhoneSimulator.ActiveCfg = Debug|Any CPU
		{952C38F5-0471-4B69-8AAA-1D4E7CF09D70}.Debug|iPhoneSimulator.Build.0 = Debug|Any CPU
		{952C38F5-0471-4B69-8AAA-1D4E7CF09D70}.Debug|x64.ActiveCfg = Debug|Any CPU
		{952C38F5-0471-4B69-8AAA-1D4E7CF09D70}.Debug|x64.Build.0 = Debug|Any CPU
		{952C38F5-0471-4B69-8AAA-1D4E7CF09D70}.Debug|x86.ActiveCfg = Debug|Any CPU
		{952C38F5-0471-4B69-8AAA-1D4E7CF09D70}.Debug|x86.Build.0 = Debug|Any CPU
		{952C38F5-0471-4B69-8AAA-1D4E7CF09D70}.Release|Any CPU.ActiveCfg = Release|Any CPU
		{952C38F5-0471-4B69-8AAA-1D4E7CF09D70}.Release|Any CPU.Build.0 = Release|Any CPU
		{952C38F5-0471-4B69-8AAA-1D4E7CF09D70}.Release|ARM.ActiveCfg = Release|Any CPU
		{952C38F5-0471-4B69-8AAA-1D4E7CF09D70}.Release|ARM.Build.0 = Release|Any CPU
		{952C38F5-0471-4B69-8AAA-1D4E7CF09D70}.Release|iPhone.ActiveCfg = Release|Any CPU
		{952C38F5-0471-4B69-8AAA-1D4E7CF09D70}.Release|iPhone.Build.0 = Release|Any CPU
		{952C38F5-0471-4B69-8AAA-1D4E7CF09D70}.Release|iPhoneSimulator.ActiveCfg = Release|Any CPU
		{952C38F5-0471-4B69-8AAA-1D4E7CF09D70}.Release|iPhoneSimulator.Build.0 = Release|Any CPU
		{952C38F5-0471-4B69-8AAA-1D4E7CF09D70}.Release|x64.ActiveCfg = Release|Any CPU
		{952C38F5-0471-4B69-8AAA-1D4E7CF09D70}.Release|x64.Build.0 = Release|Any CPU
		{952C38F5-0471-4B69-8AAA-1D4E7CF09D70}.Release|x86.ActiveCfg = Release|Any CPU
		{952C38F5-0471-4B69-8AAA-1D4E7CF09D70}.Release|x86.Build.0 = Release|Any CPU
		{BC6FF2CB-597C-4B7A-93A1-CA894F8D05DF}.Ad-Hoc|Any CPU.ActiveCfg = Release|x64
		{BC6FF2CB-597C-4B7A-93A1-CA894F8D05DF}.Ad-Hoc|Any CPU.Build.0 = Release|x64
		{BC6FF2CB-597C-4B7A-93A1-CA894F8D05DF}.Ad-Hoc|Any CPU.Deploy.0 = Release|x64
		{BC6FF2CB-597C-4B7A-93A1-CA894F8D05DF}.Ad-Hoc|ARM.ActiveCfg = Release|ARM
		{BC6FF2CB-597C-4B7A-93A1-CA894F8D05DF}.Ad-Hoc|ARM.Build.0 = Release|ARM
		{BC6FF2CB-597C-4B7A-93A1-CA894F8D05DF}.Ad-Hoc|ARM.Deploy.0 = Release|ARM
		{BC6FF2CB-597C-4B7A-93A1-CA894F8D05DF}.Ad-Hoc|iPhone.ActiveCfg = Release|x64
		{BC6FF2CB-597C-4B7A-93A1-CA894F8D05DF}.Ad-Hoc|iPhone.Build.0 = Release|x64
		{BC6FF2CB-597C-4B7A-93A1-CA894F8D05DF}.Ad-Hoc|iPhone.Deploy.0 = Release|x64
		{BC6FF2CB-597C-4B7A-93A1-CA894F8D05DF}.Ad-Hoc|iPhoneSimulator.ActiveCfg = Release|x64
		{BC6FF2CB-597C-4B7A-93A1-CA894F8D05DF}.Ad-Hoc|iPhoneSimulator.Build.0 = Release|x64
		{BC6FF2CB-597C-4B7A-93A1-CA894F8D05DF}.Ad-Hoc|iPhoneSimulator.Deploy.0 = Release|x64
		{BC6FF2CB-597C-4B7A-93A1-CA894F8D05DF}.Ad-Hoc|x64.ActiveCfg = Release|x64
		{BC6FF2CB-597C-4B7A-93A1-CA894F8D05DF}.Ad-Hoc|x64.Build.0 = Release|x64
		{BC6FF2CB-597C-4B7A-93A1-CA894F8D05DF}.Ad-Hoc|x64.Deploy.0 = Release|x64
		{BC6FF2CB-597C-4B7A-93A1-CA894F8D05DF}.Ad-Hoc|x86.ActiveCfg = Release|x86
		{BC6FF2CB-597C-4B7A-93A1-CA894F8D05DF}.Ad-Hoc|x86.Build.0 = Release|x86
		{BC6FF2CB-597C-4B7A-93A1-CA894F8D05DF}.Ad-Hoc|x86.Deploy.0 = Release|x86
		{BC6FF2CB-597C-4B7A-93A1-CA894F8D05DF}.AppStore|Any CPU.ActiveCfg = Release|x64
		{BC6FF2CB-597C-4B7A-93A1-CA894F8D05DF}.AppStore|Any CPU.Build.0 = Release|x64
		{BC6FF2CB-597C-4B7A-93A1-CA894F8D05DF}.AppStore|Any CPU.Deploy.0 = Release|x64
		{BC6FF2CB-597C-4B7A-93A1-CA894F8D05DF}.AppStore|ARM.ActiveCfg = Release|ARM
		{BC6FF2CB-597C-4B7A-93A1-CA894F8D05DF}.AppStore|ARM.Build.0 = Release|ARM
		{BC6FF2CB-597C-4B7A-93A1-CA894F8D05DF}.AppStore|ARM.Deploy.0 = Release|ARM
		{BC6FF2CB-597C-4B7A-93A1-CA894F8D05DF}.AppStore|iPhone.ActiveCfg = Release|x64
		{BC6FF2CB-597C-4B7A-93A1-CA894F8D05DF}.AppStore|iPhone.Build.0 = Release|x64
		{BC6FF2CB-597C-4B7A-93A1-CA894F8D05DF}.AppStore|iPhone.Deploy.0 = Release|x64
		{BC6FF2CB-597C-4B7A-93A1-CA894F8D05DF}.AppStore|iPhoneSimulator.ActiveCfg = Release|x64
		{BC6FF2CB-597C-4B7A-93A1-CA894F8D05DF}.AppStore|iPhoneSimulator.Build.0 = Release|x64
		{BC6FF2CB-597C-4B7A-93A1-CA894F8D05DF}.AppStore|iPhoneSimulator.Deploy.0 = Release|x64
		{BC6FF2CB-597C-4B7A-93A1-CA894F8D05DF}.AppStore|x64.ActiveCfg = Release|x64
		{BC6FF2CB-597C-4B7A-93A1-CA894F8D05DF}.AppStore|x64.Build.0 = Release|x64
		{BC6FF2CB-597C-4B7A-93A1-CA894F8D05DF}.AppStore|x64.Deploy.0 = Release|x64
		{BC6FF2CB-597C-4B7A-93A1-CA894F8D05DF}.AppStore|x86.ActiveCfg = Release|x86
		{BC6FF2CB-597C-4B7A-93A1-CA894F8D05DF}.AppStore|x86.Build.0 = Release|x86
		{BC6FF2CB-597C-4B7A-93A1-CA894F8D05DF}.AppStore|x86.Deploy.0 = Release|x86
		{BC6FF2CB-597C-4B7A-93A1-CA894F8D05DF}.Debug|Any CPU.ActiveCfg = Debug|x86
		{BC6FF2CB-597C-4B7A-93A1-CA894F8D05DF}.Debug|Any CPU.Build.0 = Debug|x86
		{BC6FF2CB-597C-4B7A-93A1-CA894F8D05DF}.Debug|Any CPU.Deploy.0 = Debug|x86
		{BC6FF2CB-597C-4B7A-93A1-CA894F8D05DF}.Debug|ARM.ActiveCfg = Debug|ARM
		{BC6FF2CB-597C-4B7A-93A1-CA894F8D05DF}.Debug|ARM.Build.0 = Debug|ARM
		{BC6FF2CB-597C-4B7A-93A1-CA894F8D05DF}.Debug|ARM.Deploy.0 = Debug|ARM
		{BC6FF2CB-597C-4B7A-93A1-CA894F8D05DF}.Debug|iPhone.ActiveCfg = Debug|x86
		{BC6FF2CB-597C-4B7A-93A1-CA894F8D05DF}.Debug|iPhoneSimulator.ActiveCfg = Debug|x86
		{BC6FF2CB-597C-4B7A-93A1-CA894F8D05DF}.Debug|x64.ActiveCfg = Debug|x86
		{BC6FF2CB-597C-4B7A-93A1-CA894F8D05DF}.Debug|x64.Build.0 = Debug|x86
		{BC6FF2CB-597C-4B7A-93A1-CA894F8D05DF}.Debug|x64.Deploy.0 = Debug|x86
		{BC6FF2CB-597C-4B7A-93A1-CA894F8D05DF}.Debug|x86.ActiveCfg = Debug|x86
		{BC6FF2CB-597C-4B7A-93A1-CA894F8D05DF}.Debug|x86.Build.0 = Debug|x86
		{BC6FF2CB-597C-4B7A-93A1-CA894F8D05DF}.Debug|x86.Deploy.0 = Debug|x86
		{BC6FF2CB-597C-4B7A-93A1-CA894F8D05DF}.Release|Any CPU.ActiveCfg = Release|x86
		{BC6FF2CB-597C-4B7A-93A1-CA894F8D05DF}.Release|ARM.ActiveCfg = Release|ARM
		{BC6FF2CB-597C-4B7A-93A1-CA894F8D05DF}.Release|ARM.Build.0 = Release|ARM
		{BC6FF2CB-597C-4B7A-93A1-CA894F8D05DF}.Release|ARM.Deploy.0 = Release|ARM
		{BC6FF2CB-597C-4B7A-93A1-CA894F8D05DF}.Release|iPhone.ActiveCfg = Release|x86
		{BC6FF2CB-597C-4B7A-93A1-CA894F8D05DF}.Release|iPhoneSimulator.ActiveCfg = Release|x86
		{BC6FF2CB-597C-4B7A-93A1-CA894F8D05DF}.Release|x64.ActiveCfg = Release|x64
		{BC6FF2CB-597C-4B7A-93A1-CA894F8D05DF}.Release|x64.Build.0 = Release|x64
		{BC6FF2CB-597C-4B7A-93A1-CA894F8D05DF}.Release|x64.Deploy.0 = Release|x64
		{BC6FF2CB-597C-4B7A-93A1-CA894F8D05DF}.Release|x86.ActiveCfg = Release|x86
		{BC6FF2CB-597C-4B7A-93A1-CA894F8D05DF}.Release|x86.Build.0 = Release|x86
		{BC6FF2CB-597C-4B7A-93A1-CA894F8D05DF}.Release|x86.Deploy.0 = Release|x86
		{8B8E384B-E23A-4FFE-87C8-75FBE1D7706B}.Ad-Hoc|Any CPU.ActiveCfg = Release|x86
		{8B8E384B-E23A-4FFE-87C8-75FBE1D7706B}.Ad-Hoc|Any CPU.Build.0 = Release|x86
		{8B8E384B-E23A-4FFE-87C8-75FBE1D7706B}.Ad-Hoc|ARM.ActiveCfg = Release|x86
		{8B8E384B-E23A-4FFE-87C8-75FBE1D7706B}.Ad-Hoc|ARM.Build.0 = Release|x86
		{8B8E384B-E23A-4FFE-87C8-75FBE1D7706B}.Ad-Hoc|iPhone.ActiveCfg = Release|x86
		{8B8E384B-E23A-4FFE-87C8-75FBE1D7706B}.Ad-Hoc|iPhone.Build.0 = Release|x86
		{8B8E384B-E23A-4FFE-87C8-75FBE1D7706B}.Ad-Hoc|iPhoneSimulator.ActiveCfg = Release|x86
		{8B8E384B-E23A-4FFE-87C8-75FBE1D7706B}.Ad-Hoc|iPhoneSimulator.Build.0 = Release|x86
		{8B8E384B-E23A-4FFE-87C8-75FBE1D7706B}.Ad-Hoc|x64.ActiveCfg = Release|x86
		{8B8E384B-E23A-4FFE-87C8-75FBE1D7706B}.Ad-Hoc|x64.Build.0 = Release|x86
		{8B8E384B-E23A-4FFE-87C8-75FBE1D7706B}.Ad-Hoc|x86.ActiveCfg = Release|x86
		{8B8E384B-E23A-4FFE-87C8-75FBE1D7706B}.Ad-Hoc|x86.Build.0 = Release|x86
		{8B8E384B-E23A-4FFE-87C8-75FBE1D7706B}.AppStore|Any CPU.ActiveCfg = Release|x86
		{8B8E384B-E23A-4FFE-87C8-75FBE1D7706B}.AppStore|Any CPU.Build.0 = Release|x86
		{8B8E384B-E23A-4FFE-87C8-75FBE1D7706B}.AppStore|ARM.ActiveCfg = Release|x86
		{8B8E384B-E23A-4FFE-87C8-75FBE1D7706B}.AppStore|ARM.Build.0 = Release|x86
		{8B8E384B-E23A-4FFE-87C8-75FBE1D7706B}.AppStore|iPhone.ActiveCfg = Release|x86
		{8B8E384B-E23A-4FFE-87C8-75FBE1D7706B}.AppStore|iPhone.Build.0 = Release|x86
		{8B8E384B-E23A-4FFE-87C8-75FBE1D7706B}.AppStore|iPhoneSimulator.ActiveCfg = Release|x86
		{8B8E384B-E23A-4FFE-87C8-75FBE1D7706B}.AppStore|iPhoneSimulator.Build.0 = Release|x86
		{8B8E384B-E23A-4FFE-87C8-75FBE1D7706B}.AppStore|x64.ActiveCfg = Release|x86
		{8B8E384B-E23A-4FFE-87C8-75FBE1D7706B}.AppStore|x64.Build.0 = Release|x86
		{8B8E384B-E23A-4FFE-87C8-75FBE1D7706B}.AppStore|x86.ActiveCfg = Release|x86
		{8B8E384B-E23A-4FFE-87C8-75FBE1D7706B}.AppStore|x86.Build.0 = Release|x86
		{8B8E384B-E23A-4FFE-87C8-75FBE1D7706B}.Debug|Any CPU.ActiveCfg = Debug|x86
		{8B8E384B-E23A-4FFE-87C8-75FBE1D7706B}.Debug|ARM.ActiveCfg = Debug|x86
		{8B8E384B-E23A-4FFE-87C8-75FBE1D7706B}.Debug|iPhone.ActiveCfg = Debug|x86
		{8B8E384B-E23A-4FFE-87C8-75FBE1D7706B}.Debug|iPhoneSimulator.ActiveCfg = Debug|x86
		{8B8E384B-E23A-4FFE-87C8-75FBE1D7706B}.Debug|x64.ActiveCfg = Debug|x86
		{8B8E384B-E23A-4FFE-87C8-75FBE1D7706B}.Debug|x86.ActiveCfg = Debug|x86
		{8B8E384B-E23A-4FFE-87C8-75FBE1D7706B}.Debug|x86.Build.0 = Debug|x86
		{8B8E384B-E23A-4FFE-87C8-75FBE1D7706B}.Release|Any CPU.ActiveCfg = Release|x86
		{8B8E384B-E23A-4FFE-87C8-75FBE1D7706B}.Release|ARM.ActiveCfg = Release|x86
		{8B8E384B-E23A-4FFE-87C8-75FBE1D7706B}.Release|iPhone.ActiveCfg = Release|x86
		{8B8E384B-E23A-4FFE-87C8-75FBE1D7706B}.Release|iPhoneSimulator.ActiveCfg = Release|x86
		{8B8E384B-E23A-4FFE-87C8-75FBE1D7706B}.Release|x64.ActiveCfg = Release|x86
		{8B8E384B-E23A-4FFE-87C8-75FBE1D7706B}.Release|x86.ActiveCfg = Release|x86
		{8B8E384B-E23A-4FFE-87C8-75FBE1D7706B}.Release|x86.Build.0 = Release|x86
	EndGlobalSection
	GlobalSection(SolutionProperties) = preSolution
		HideSolutionNode = FALSE
	EndGlobalSection
	GlobalSection(ExtensibilityGlobals) = postSolution
		SolutionGuid = {B1B6B3C2-262C-434E-ADFA-CB0FE98E9891}
	EndGlobalSection
EndGlobal
